
Microsoft Visual Studio Solution File, Format Version 12.00
# Visual Studio 15
VisualStudioVersion = 15.0.28010.2003
MinimumVisualStudioVersion = 10.0.40219.1
Project("{FAE04EC0-301F-11D3-BF4B-00C04F79EFBC}") = "GrandFinaleB", "GrandFinaleB\GrandFinaleB.csproj", "{ED39725A-2C09-49E5-9B1E-CADE1E3AB10F}"
EndProject
Project("{00D1A9C2-B5F0-4AF3-8072-F6C62B433612}") = "GrandFinaleB.Database", "GrandFinaleB.Database\GrandFinaleB.Database.sqlproj", "{5D88D83F-0DFD-4E99-8FEB-B8BC669CABE5}"
EndProject
Global
	GlobalSection(SolutionConfigurationPlatforms) = preSolution
		Debug|Any CPU = Debug|Any CPU
		Release|Any CPU = Release|Any CPU
	EndGlobalSection
	GlobalSection(ProjectConfigurationPlatforms) = postSolution
		{ED39725A-2C09-49E5-9B1E-CADE1E3AB10F}.Debug|Any CPU.ActiveCfg = Debug|Any CPU
		{ED39725A-2C09-49E5-9B1E-CADE1E3AB10F}.Debug|Any CPU.Build.0 = Debug|Any CPU
		{ED39725A-2C09-49E5-9B1E-CADE1E3AB10F}.Release|Any CPU.ActiveCfg = Release|Any CPU
		{ED39725A-2C09-49E5-9B1E-CADE1E3AB10F}.Release|Any CPU.Build.0 = Release|Any CPU
		{5D88D83F-0DFD-4E99-8FEB-B8BC669CABE5}.Debug|Any CPU.ActiveCfg = Debug|Any CPU
		{5D88D83F-0DFD-4E99-8FEB-B8BC669CABE5}.Debug|Any CPU.Build.0 = Debug|Any CPU
		{5D88D83F-0DFD-4E99-8FEB-B8BC669CABE5}.Debug|Any CPU.Deploy.0 = Debug|Any CPU
		{5D88D83F-0DFD-4E99-8FEB-B8BC669CABE5}.Release|Any CPU.ActiveCfg = Release|Any CPU
		{5D88D83F-0DFD-4E99-8FEB-B8BC669CABE5}.Release|Any CPU.Build.0 = Release|Any CPU
		{5D88D83F-0DFD-4E99-8FEB-B8BC669CABE5}.Release|Any CPU.Deploy.0 = Release|Any CPU
	EndGlobalSection
	GlobalSection(SolutionProperties) = preSolution
		HideSolutionNode = FALSE
	EndGlobalSection
	GlobalSection(ExtensibilityGlobals) = postSolution
		SolutionGuid = {94775E31-1788-4433-B026-E36A8E840644}
	EndGlobalSection
EndGlobal
