
Microsoft Visual Studio Solution File, Format Version 12.00
# Visual Studio 15
VisualStudioVersion = 15.0.28010.2003
MinimumVisualStudioVersion = 10.0.40219.1
Project("{FAE04EC0-301F-11D3-BF4B-00C04F79EFBC}") = "Dierentuin", "Dierentuin\Dierentuin.csproj", "{9A7A2722-C34A-43B6-BA6D-4DBB82279783}"
EndProject
Global
	GlobalSection(SolutionConfigurationPlatforms) = preSolution
		Debug|Any CPU = Debug|Any CPU
		Release|Any CPU = Release|Any CPU
	EndGlobalSection
	GlobalSection(ProjectConfigurationPlatforms) = postSolution
		{9A7A2722-C34A-43B6-BA6D-4DBB82279783}.Debug|Any CPU.ActiveCfg = Debug|Any CPU
		{9A7A2722-C34A-43B6-BA6D-4DBB82279783}.Debug|Any CPU.Build.0 = Debug|Any CPU
		{9A7A2722-C34A-43B6-BA6D-4DBB82279783}.Release|Any CPU.ActiveCfg = Release|Any CPU
		{9A7A2722-C34A-43B6-BA6D-4DBB82279783}.Release|Any CPU.Build.0 = Release|Any CPU
	EndGlobalSection
	GlobalSection(SolutionProperties) = preSolution
		HideSolutionNode = FALSE
	EndGlobalSection
	GlobalSection(ExtensibilityGlobals) = postSolution
		SolutionGuid = {FF5E3AB5-E9BF-46C0-B693-0CC64F98CBE3}
	EndGlobalSection
EndGlobal
