
Microsoft Visual Studio Solution File, Format Version 12.00
# Visual Studio 15
VisualStudioVersion = 15.0.28010.2003
MinimumVisualStudioVersion = 10.0.40219.1
Project("{FAE04EC0-301F-11D3-BF4B-00C04F79EFBC}") = "HCWeek1", "HCWeek1\HCWeek1.csproj", "{D7320092-00FC-44C8-B6CD-9EFDBBF6E643}"
EndProject
Global
	GlobalSection(SolutionConfigurationPlatforms) = preSolution
		Debug|Any CPU = Debug|Any CPU
		Release|Any CPU = Release|Any CPU
	EndGlobalSection
	GlobalSection(ProjectConfigurationPlatforms) = postSolution
		{D7320092-00FC-44C8-B6CD-9EFDBBF6E643}.Debug|Any CPU.ActiveCfg = Debug|Any CPU
		{D7320092-00FC-44C8-B6CD-9EFDBBF6E643}.Debug|Any CPU.Build.0 = Debug|Any CPU
		{D7320092-00FC-44C8-B6CD-9EFDBBF6E643}.Release|Any CPU.ActiveCfg = Release|Any CPU
		{D7320092-00FC-44C8-B6CD-9EFDBBF6E643}.Release|Any CPU.Build.0 = Release|Any CPU
	EndGlobalSection
	GlobalSection(SolutionProperties) = preSolution
		HideSolutionNode = FALSE
	EndGlobalSection
	GlobalSection(ExtensibilityGlobals) = postSolution
		SolutionGuid = {AB446A13-A388-4E0F-B343-A9D3E207586B}
	EndGlobalSection
EndGlobal
